
Microsoft Visual Studio Solution File, Format Version 12.00
# Visual Studio Version 16
VisualStudioVersion = 16.0.30330.147
MinimumVisualStudioVersion = 10.0.40219.1
Project("{FAE04EC0-301F-11D3-BF4B-00C04F79EFBC}") = "Fantasy RPG", "Fantasy RPG.csproj", "{9D27AC93-3E45-4B77-8A8B-B32712A6954C}"
EndProject
Project("{FAE04EC0-301F-11D3-BF4B-00C04F79EFBC}") = "Fantasy RPG.App", "..\Fantasy RPG.App\Fantasy RPG.App.csproj", "{6E39FA1E-B399-4765-B7BF-37F0D5FD9614}"
EndProject
Project("{FAE04EC0-301F-11D3-BF4B-00C04F79EFBC}") = "Fantasy RPG.domain", "..\Fantasy RPG.domain\Fantasy RPG.domain.csproj", "{4FC27AC7-B559-4936-9517-F2AC361732ED}"
EndProject
Global
	GlobalSection(SolutionConfigurationPlatforms) = preSolution
		Debug|Any CPU = Debug|Any CPU
		Release|Any CPU = Release|Any CPU
	EndGlobalSection
	GlobalSection(ProjectConfigurationPlatforms) = postSolution
		{9D27AC93-3E45-4B77-8A8B-B32712A6954C}.Debug|Any CPU.ActiveCfg = Debug|Any CPU
		{9D27AC93-3E45-4B77-8A8B-B32712A6954C}.Debug|Any CPU.Build.0 = Debug|Any CPU
		{9D27AC93-3E45-4B77-8A8B-B32712A6954C}.Release|Any CPU.ActiveCfg = Release|Any CPU
		{9D27AC93-3E45-4B77-8A8B-B32712A6954C}.Release|Any CPU.Build.0 = Release|Any CPU
		{6E39FA1E-B399-4765-B7BF-37F0D5FD9614}.Debug|Any CPU.ActiveCfg = Debug|Any CPU
		{6E39FA1E-B399-4765-B7BF-37F0D5FD9614}.Debug|Any CPU.Build.0 = Debug|Any CPU
		{6E39FA1E-B399-4765-B7BF-37F0D5FD9614}.Release|Any CPU.ActiveCfg = Release|Any CPU
		{6E39FA1E-B399-4765-B7BF-37F0D5FD9614}.Release|Any CPU.Build.0 = Release|Any CPU
		{4FC27AC7-B559-4936-9517-F2AC361732ED}.Debug|Any CPU.ActiveCfg = Debug|Any CPU
		{4FC27AC7-B559-4936-9517-F2AC361732ED}.Debug|Any CPU.Build.0 = Debug|Any CPU
		{4FC27AC7-B559-4936-9517-F2AC361732ED}.Release|Any CPU.ActiveCfg = Release|Any CPU
		{4FC27AC7-B559-4936-9517-F2AC361732ED}.Release|Any CPU.Build.0 = Release|Any CPU
	EndGlobalSection
	GlobalSection(SolutionProperties) = preSolution
		HideSolutionNode = FALSE
	EndGlobalSection
	GlobalSection(ExtensibilityGlobals) = postSolution
		SolutionGuid = {707BF418-635C-46BC-817B-02E5659D31CD}
	EndGlobalSection
EndGlobal
